
Microsoft Visual Studio Solution File, Format Version 12.00
# Visual Studio Version 17
VisualStudioVersion = 17.7.34031.279
MinimumVisualStudioVersion = 10.0.40219.1
Project("{9A19103F-16F7-4668-BE54-9A1E7A4F7556}") = "ElonVSmarkTask4", "ElonVSmarkTask4\ElonVSmarkTask4.csproj", "{8156FF5D-25BF-469E-AD97-2E98CA426CC9}"
EndProject
Project("{9A19103F-16F7-4668-BE54-9A1E7A4F7556}") = "Deck", "Deck\Deck.csproj", "{1367E8E5-C082-4A0E-A936-C3093386B84F}"
EndProject
Project("{9A19103F-16F7-4668-BE54-9A1E7A4F7556}") = "Strategy", "Strategy\Strategy.csproj", "{EE8DAE59-98A4-448E-8582-9B34F77C667A}"
EndProject
Project("{FAE04EC0-301F-11D3-BF4B-00C04F79EFBC}") = "Tests", "Tests\Tests.csproj", "{BCAE4057-A602-4B54-8A4B-77CADD4362DA}"
EndProject
Global
	GlobalSection(SolutionConfigurationPlatforms) = preSolution
		Debug|Any CPU = Debug|Any CPU
		Release|Any CPU = Release|Any CPU
	EndGlobalSection
	GlobalSection(ProjectConfigurationPlatforms) = postSolution
		{8156FF5D-25BF-469E-AD97-2E98CA426CC9}.Debug|Any CPU.ActiveCfg = Debug|Any CPU
		{8156FF5D-25BF-469E-AD97-2E98CA426CC9}.Debug|Any CPU.Build.0 = Debug|Any CPU
		{8156FF5D-25BF-469E-AD97-2E98CA426CC9}.Release|Any CPU.ActiveCfg = Release|Any CPU
		{8156FF5D-25BF-469E-AD97-2E98CA426CC9}.Release|Any CPU.Build.0 = Release|Any CPU
		{1367E8E5-C082-4A0E-A936-C3093386B84F}.Debug|Any CPU.ActiveCfg = Debug|Any CPU
		{1367E8E5-C082-4A0E-A936-C3093386B84F}.Debug|Any CPU.Build.0 = Debug|Any CPU
		{1367E8E5-C082-4A0E-A936-C3093386B84F}.Release|Any CPU.ActiveCfg = Release|Any CPU
		{1367E8E5-C082-4A0E-A936-C3093386B84F}.Release|Any CPU.Build.0 = Release|Any CPU
		{EE8DAE59-98A4-448E-8582-9B34F77C667A}.Debug|Any CPU.ActiveCfg = Debug|Any CPU
		{EE8DAE59-98A4-448E-8582-9B34F77C667A}.Debug|Any CPU.Build.0 = Debug|Any CPU
		{EE8DAE59-98A4-448E-8582-9B34F77C667A}.Release|Any CPU.ActiveCfg = Release|Any CPU
		{EE8DAE59-98A4-448E-8582-9B34F77C667A}.Release|Any CPU.Build.0 = Release|Any CPU
		{BCAE4057-A602-4B54-8A4B-77CADD4362DA}.Debug|Any CPU.ActiveCfg = Debug|Any CPU
		{BCAE4057-A602-4B54-8A4B-77CADD4362DA}.Debug|Any CPU.Build.0 = Debug|Any CPU
		{BCAE4057-A602-4B54-8A4B-77CADD4362DA}.Release|Any CPU.ActiveCfg = Release|Any CPU
		{BCAE4057-A602-4B54-8A4B-77CADD4362DA}.Release|Any CPU.Build.0 = Release|Any CPU
	EndGlobalSection
	GlobalSection(SolutionProperties) = preSolution
		HideSolutionNode = FALSE
	EndGlobalSection
	GlobalSection(ExtensibilityGlobals) = postSolution
		SolutionGuid = {783120AF-7309-4DEC-B368-1EFF0A12BE22}
	EndGlobalSection
EndGlobal
